{
  "version": 4,
  "terraform_version": "1.1.3",
  "serial": 46,
  "lineage": "a6bf7855-b53c-d93e-1eaa-7dd494b8eab5",
  "outputs": {
    "public_ip": {
      "value": {
        "access_config": [],
        "alias_ip_range": [],
        "ipv6_access_config": [],
        "ipv6_access_type": "",
        "name": "nic0",
        "network": "https://www.googleapis.com/compute/v1/projects/qwiklabs-gcp-04-06d3924285ae/global/networks/default",
        "network_ip": "10.128.0.4",
        "nic_type": "",
        "queue_count": 0,
        "stack_type": "IPV4_ONLY",
        "subnetwork": "https://www.googleapis.com/compute/v1/projects/qwiklabs-gcp-04-06d3924285ae/regions/us-central1/subnetworks/default",
        "subnetwork_project": "qwiklabs-gcp-04-06d3924285ae"
      },
      "type": [
        "object",
        {
          "access_config": [
            "list",
            [
              "object",
              {
                "nat_ip": "string",
                "network_tier": "string",
                "public_ptr_domain_name": "string"
              }
            ]
          ],
          "alias_ip_range": [
            "list",
            [
              "object",
              {
                "ip_cidr_range": "string",
                "subnetwork_range_name": "string"
              }
            ]
          ],
          "ipv6_access_config": [
            "list",
            [
              "object",
              {
                "external_ipv6": "string",
                "external_ipv6_prefix_length": "string",
                "network_tier": "string",
                "public_ptr_domain_name": "string"
              }
            ]
          ],
          "ipv6_access_type": "string",
          "name": "string",
          "network": "string",
          "network_ip": "string",
          "nic_type": "string",
          "queue_count": "number",
          "stack_type": "string",
          "subnetwork": "string",
          "subnetwork_project": "string"
        }
      ]
    }
  },
  "resources": [
    {
      "mode": "managed",
      "type": "google_app_engine_standard_app_version",
      "name": "myapp_v1",
      "provider": "provider[\"registry.terraform.io/hashicorp/google\"]",
      "instances": []
    },
    {
      "mode": "managed",
      "type": "google_app_engine_standard_app_version",
      "name": "myapp_v2",
      "provider": "provider[\"registry.terraform.io/hashicorp/google\"]",
      "instances": []
    },
    {
      "mode": "managed",
      "type": "google_compute_instance",
      "name": "by-terraform-1",
      "provider": "provider[\"registry.terraform.io/hashicorp/google\"]",
      "instances": [
        {
          "schema_version": 6,
          "attributes": {
            "advanced_machine_features": [],
            "allow_stopping_for_update": null,
            "attached_disk": [],
            "boot_disk": [
              {
                "auto_delete": true,
                "device_name": "persistent-disk-0",
                "disk_encryption_key_raw": "",
                "disk_encryption_key_sha256": "",
                "initialize_params": [
                  {
                    "image": "https://www.googleapis.com/compute/v1/projects/debian-cloud/global/images/debian-8-jessie-v20160803",
                    "labels": {},
                    "size": 10,
                    "type": "pd-standard"
                  }
                ],
                "kms_key_self_link": "",
                "mode": "READ_WRITE",
                "source": "https://www.googleapis.com/compute/v1/projects/qwiklabs-gcp-04-06d3924285ae/zones/us-central1-a/disks/made-by-teerafrom-instance"
              }
            ],
            "can_ip_forward": false,
            "confidential_instance_config": [],
            "cpu_platform": "Intel Haswell",
            "current_status": "RUNNING",
            "deletion_protection": false,
            "description": "",
            "desired_status": null,
            "enable_display": false,
            "guest_accelerator": [],
            "hostname": "",
            "id": "projects/qwiklabs-gcp-04-06d3924285ae/zones/us-central1-a/instances/made-by-teerafrom-instance",
            "instance_id": "8378130447670245463",
            "label_fingerprint": "42WmSpB8rSM=",
            "labels": null,
            "machine_type": "f1-micro",
            "metadata": null,
            "metadata_fingerprint": "v3gOLPRYWd8=",
            "metadata_startup_script": "#! /bin/bash\nsudo apt-get update\nsudo apt-get install apache2 -y\nsudo service apache2 restart\n",
            "min_cpu_platform": "",
            "name": "made-by-teerafrom-instance",
            "network_interface": [
              {
                "access_config": [],
                "alias_ip_range": [],
                "ipv6_access_config": [],
                "ipv6_access_type": "",
                "name": "nic0",
                "network": "https://www.googleapis.com/compute/v1/projects/qwiklabs-gcp-04-06d3924285ae/global/networks/default",
                "network_ip": "10.128.0.4",
                "nic_type": "",
                "queue_count": 0,
                "stack_type": "IPV4_ONLY",
                "subnetwork": "https://www.googleapis.com/compute/v1/projects/qwiklabs-gcp-04-06d3924285ae/regions/us-central1/subnetworks/default",
                "subnetwork_project": "qwiklabs-gcp-04-06d3924285ae"
              }
            ],
            "project": "qwiklabs-gcp-04-06d3924285ae",
            "reservation_affinity": [],
            "resource_policies": null,
            "scheduling": [
              {
                "automatic_restart": true,
                "min_node_cpus": 0,
                "node_affinities": [],
                "on_host_maintenance": "MIGRATE",
                "preemptible": false
              }
            ],
            "scratch_disk": [],
            "self_link": "https://www.googleapis.com/compute/v1/projects/qwiklabs-gcp-04-06d3924285ae/zones/us-central1-a/instances/made-by-teerafrom-instance",
            "service_account": [],
            "shielded_instance_config": [],
            "tags": [
              "allow-http"
            ],
            "tags_fingerprint": "6cm263NBGlo=",
            "timeouts": null,
            "zone": "us-central1-a"
          },
          "sensitive_attributes": [],
          "private": "eyJlMmJmYjczMC1lY2FhLTExZTYtOGY4OC0zNDM2M2JjN2M0YzAiOnsiY3JlYXRlIjoxMjAwMDAwMDAwMDAwLCJkZWxldGUiOjEyMDAwMDAwMDAwMDAsInVwZGF0ZSI6MTIwMDAwMDAwMDAwMH0sInNjaGVtYV92ZXJzaW9uIjoiNiJ9"
        }
      ]
    },
    {
      "mode": "managed",
      "type": "google_container_cluster",
      "name": "gke",
      "provider": "provider[\"registry.terraform.io/hashicorp/google\"]",
      "instances": [
        {
          "schema_version": 1,
          "attributes": {
            "addons_config": [
              {
                "cloudrun_config": [],
                "horizontal_pod_autoscaling": [],
                "http_load_balancing": [],
                "network_policy_config": [
                  {
                    "disabled": true
                  }
                ]
              }
            ],
            "authenticator_groups_config": [],
            "cluster_autoscaling": [
              {
                "auto_provisioning_defaults": [],
                "enabled": false,
                "resource_limits": []
              }
            ],
            "cluster_ipv4_cidr": "10.56.0.0/14",
            "confidential_nodes": [],
            "database_encryption": [
              {
                "key_name": "",
                "state": "DECRYPTED"
              }
            ],
            "datapath_provider": "",
            "default_max_pods_per_node": null,
            "default_snat_status": [
              {
                "disabled": false
              }
            ],
            "description": "",
            "enable_autopilot": false,
            "enable_binary_authorization": false,
            "enable_intranode_visibility": false,
            "enable_kubernetes_alpha": false,
            "enable_legacy_abac": false,
            "enable_shielded_nodes": true,
            "enable_tpu": false,
            "endpoint": "35.239.4.181",
            "id": "projects/qwiklabs-gcp-04-06d3924285ae/locations/us-central1-a/clusters/tf-gke-cluster",
            "initial_node_count": 1,
            "ip_allocation_policy": [],
            "label_fingerprint": "a9dc16a7",
            "location": "us-central1-a",
            "logging_config": [
              {
                "enable_components": [
                  "SYSTEM_COMPONENTS",
                  "WORKLOADS"
                ]
              }
            ],
            "logging_service": "logging.googleapis.com/kubernetes",
            "maintenance_policy": [],
            "master_auth": [
              {
                "client_certificate": "",
                "client_certificate_config": [
                  {
                    "issue_client_certificate": false
                  }
                ],
                "client_key": "",
                "cluster_ca_certificate": "LS0tLS1CRUdJTiBDRVJUSUZJQ0FURS0tLS0tCk1JSUVMVENDQXBXZ0F3SUJBZ0lSQUxVbTlCZi9SWDl6U3o2UURRdFdiRnd3RFFZSktvWklodmNOQVFFTEJRQXcKTHpFdE1Dc0dBMVVFQXhNa09UQTJORE14TkRJdFpqYzFaaTAwTXpNd0xUaGxNREl0WWpSaFpEZ3pOekpsT0RjNApNQ0FYRFRJeU1ERXlNREV3TWpVME5sb1lEekl3TlRJd01URXpNVEV5TlRRMldqQXZNUzB3S3dZRFZRUURFeVE1Ck1EWTBNekUwTWkxbU56Vm1MVFF6TXpBdE9HVXdNaTFpTkdGa09ETTNNbVU0Tnpnd2dnR2lNQTBHQ1NxR1NJYjMKRFFFQkFRVUFBNElCandBd2dnR0tBb0lCZ1FDQWFPTnByYTJ2SE9EYjNYbkx6eFVJL0dib2lIRFNMSkIvZ09jdwo2aEZQckVMaFp5TElUZ0tlVU52Z21xMzVVcDhvaGpKWHZPOGhZV3pmeEd1eFp1U1Rnc1g5dnVZRGo1VW1Gbk5ZCnJqZHJtbDdqMlhrdEZsY3lkNTB1cEJHQ2UvM0kwMm43SzRBSXYxT3U5WTVWcmovOEZTSkJHS0N4YnZoVnkrRkYKQzNUenUyNGhyaVZ4enphUDIveUJjZWovSHlNWGREOG84SFFlOUFmOWdvZXNzRFpOUEw4NTFyUEREc05uUDdILwpFZjlRdUN1T3hFcXQ5eTlNZG5ZOUs5cVAzeWViek1iMzE4T3E1eTlhZ0x0M1h0R2gzRVhIditwQk1Na1Zua2ViCmNma0hiY3dkLzRoMC9iT1JPZUg2TDNOYVp2emJOR1JHUXhwNjdBejRVSWhHWXU4Uy9EY3dlM1c0T0h1NlpxNUoKM2VqU2NmYWoyYk5HTm5pZmI4dFZESDhiNWt2LzVPSEJOV0RQdXMwYm1SWlBjdDJKSmo2ZDZ0ejkyS1F5a2NFaQp6dHVSVHhqT0xnZjB2WER0dHB4cXFnb1BvYmV1YVRxMlk2Mm1NSE43SjJXcXFVS2Q1Ly9LSDlFbWloY1dhaVVHCmljeVBLQXc4MWs1aDRNNC96ZG91NGFYcGZuOENBd0VBQWFOQ01FQXdEZ1lEVlIwUEFRSC9CQVFEQWdJRU1BOEcKQTFVZEV3RUIvd1FGTUFNQkFmOHdIUVlEVlIwT0JCWUVGS3pwdmJVWmo2ZE9oM2g1VjlxUlovS3RwaytITUEwRwpDU3FHU0liM0RRRUJDd1VBQTRJQmdRQVhCaGp3RXd2WG5KWVZMK1NJaDVsY21CQ2tsQ3NUVFdrNm9aM0JtdXhSCitmS29ubENkWG5ZTGNDdlloK1l0Q2tzOW8rekd4YUtydXZDNnZkUis4Q0lUV1R2YXZwTXliTzFscm1MV3lPU1gKaHR3Mk50TnhxejJlUCtCSXIxbVE5cjBJaWwzdnRBdmRMMTBkMFlzYjRzNWtpRFNDT25RR2k3N2ViMWtRVEI1egpZaTBCZlNpVXIwbk45Y3I1c1F4d3N4S3JzRDk2aTdqMmZtWHNlajJXWkIrQWZoOFJEbGRrd0ZPc2R2MjBBU2xxCjVKMW1IZFJBRUlETVYzSzVYRmQ3eGxZa0U1Q1ZhKzZSVURNY2d0TVpYRXd2ampNVzRBMktZM3MwRWc5cUdhckgKU0FVZjVVNnZ6M3ZXVUdGbDVQdXpqTHd1MzhWcGxmVzlqM1FEQUJiU0s4ZktLNGJCbGxDOXR2Y3lyOG9zRU4rVQpiTk84ZHFsRXJscm5Nc1VlK2pDTGNTbHp0SDA3WDJGSjJhemZuMTdCMGlDb3NPeDRpcFJiQVJwN2poZlA3ZDFHCjJPM2dTL3FvdTdwS04vZmRSTzVMUE0zaDBWR093Y0sxQVZrNjRGYmwvckVOa2M2ZzFqMVVIMkxyN2pvVXJxSnoKOWlkdUpobytYOUk4Y1RLTEtwSlhQWmM9Ci0tLS0tRU5EIENFUlRJRklDQVRFLS0tLS0K"
              }
            ],
            "master_authorized_networks_config": [],
            "master_version": "1.21.5-gke.1302",
            "min_master_version": null,
            "monitoring_config": [
              {
                "enable_components": [
                  "SYSTEM_COMPONENTS"
                ]
              }
            ],
            "monitoring_service": "monitoring.googleapis.com/kubernetes",
            "name": "tf-gke-cluster",
            "network": "projects/qwiklabs-gcp-04-06d3924285ae/global/networks/default",
            "network_policy": [
              {
                "enabled": false,
                "provider": "PROVIDER_UNSPECIFIED"
              }
            ],
            "networking_mode": "ROUTES",
            "node_config": [
              {
                "boot_disk_kms_key": "",
                "disk_size_gb": 100,
                "disk_type": "pd-standard",
                "gcfs_config": [],
                "guest_accelerator": [],
                "image_type": "COS_CONTAINERD",
                "labels": {},
                "local_ssd_count": 0,
                "machine_type": "n1-standard-1",
                "metadata": {
                  "disable-legacy-endpoints": "true"
                },
                "min_cpu_platform": "",
                "node_group": "",
                "oauth_scopes": [
                  "https://www.googleapis.com/auth/logging.write",
                  "https://www.googleapis.com/auth/monitoring"
                ],
                "preemptible": false,
                "service_account": "default",
                "shielded_instance_config": [
                  {
                    "enable_integrity_monitoring": true,
                    "enable_secure_boot": false
                  }
                ],
                "tags": null,
                "taint": [],
                "workload_metadata_config": []
              }
            ],
            "node_locations": [],
            "node_pool": [
              {
                "autoscaling": [],
                "initial_node_count": 1,
                "instance_group_urls": [
                  "https://www.googleapis.com/compute/v1/projects/qwiklabs-gcp-04-06d3924285ae/zones/us-central1-a/instanceGroupManagers/gke-tf-gke-cluster-default-pool-2ec05044-grp"
                ],
                "managed_instance_group_urls": [
                  "https://www.googleapis.com/compute/v1/projects/qwiklabs-gcp-04-06d3924285ae/zones/us-central1-a/instanceGroups/gke-tf-gke-cluster-default-pool-2ec05044-grp"
                ],
                "management": [
                  {
                    "auto_repair": true,
                    "auto_upgrade": true
                  }
                ],
                "max_pods_per_node": 0,
                "name": "default-pool",
                "name_prefix": "",
                "node_config": [
                  {
                    "boot_disk_kms_key": "",
                    "disk_size_gb": 100,
                    "disk_type": "pd-standard",
                    "gcfs_config": [],
                    "guest_accelerator": [],
                    "image_type": "COS_CONTAINERD",
                    "labels": {},
                    "local_ssd_count": 0,
                    "machine_type": "n1-standard-1",
                    "metadata": {
                      "disable-legacy-endpoints": "true"
                    },
                    "min_cpu_platform": "",
                    "node_group": "",
                    "oauth_scopes": [
                      "https://www.googleapis.com/auth/logging.write",
                      "https://www.googleapis.com/auth/monitoring"
                    ],
                    "preemptible": false,
                    "service_account": "default",
                    "shielded_instance_config": [
                      {
                        "enable_integrity_monitoring": true,
                        "enable_secure_boot": false
                      }
                    ],
                    "tags": [],
                    "taint": [],
                    "workload_metadata_config": []
                  }
                ],
                "node_count": 1,
                "node_locations": [
                  "us-central1-a"
                ],
                "upgrade_settings": [
                  {
                    "max_surge": 1,
                    "max_unavailable": 0
                  }
                ],
                "version": "1.21.5-gke.1302"
              }
            ],
            "node_version": "1.21.5-gke.1302",
            "operation": null,
            "private_cluster_config": [],
            "private_ipv6_google_access": "",
            "project": "qwiklabs-gcp-04-06d3924285ae",
            "release_channel": [
              {
                "channel": "REGULAR"
              }
            ],
            "remove_default_node_pool": null,
            "resource_labels": null,
            "resource_usage_export_config": [],
            "self_link": "https://container.googleapis.com/v1/projects/qwiklabs-gcp-04-06d3924285ae/zones/us-central1-a/clusters/tf-gke-cluster",
            "services_ipv4_cidr": "10.59.240.0/20",
            "subnetwork": "projects/qwiklabs-gcp-04-06d3924285ae/regions/us-central1/subnetworks/default",
            "timeouts": null,
            "tpu_ipv4_cidr_block": "",
            "vertical_pod_autoscaling": [],
            "workload_identity_config": []
          },
          "sensitive_attributes": [],
          "private": "eyJlMmJmYjczMC1lY2FhLTExZTYtOGY4OC0zNDM2M2JjN2M0YzAiOnsiY3JlYXRlIjoyNDAwMDAwMDAwMDAwLCJkZWxldGUiOjI0MDAwMDAwMDAwMDAsInJlYWQiOjI0MDAwMDAwMDAwMDAsInVwZGF0ZSI6MzYwMDAwMDAwMDAwMH0sInNjaGVtYV92ZXJzaW9uIjoiMSJ9"
        }
      ]
    },
    {
      "mode": "managed",
      "type": "google_storage_bucket_object",
      "name": "object",
      "provider": "provider[\"registry.terraform.io/hashicorp/google\"]",
      "instances": []
    }
  ]
}
